
Microsoft Visual Studio Solution File, Format Version 12.00
# Visual Studio Version 16
VisualStudioVersion = 16.0.29609.76
MinimumVisualStudioVersion = 10.0.40219.1
Project("{FAE04EC0-301F-11D3-BF4B-00C04F79EFBC}") = "Aoe rankings 2.0", "Aoe rankings 2.0\Aoe rankings 2.0.csproj", "{A401284D-1C3C-4B84-A840-2CCE29B6AB70}"
EndProject
Global
	GlobalSection(SolutionConfigurationPlatforms) = preSolution
		Debug|Any CPU = Debug|Any CPU
		Release|Any CPU = Release|Any CPU
	EndGlobalSection
	GlobalSection(ProjectConfigurationPlatforms) = postSolution
		{A401284D-1C3C-4B84-A840-2CCE29B6AB70}.Debug|Any CPU.ActiveCfg = Debug|Any CPU
		{A401284D-1C3C-4B84-A840-2CCE29B6AB70}.Debug|Any CPU.Build.0 = Debug|Any CPU
		{A401284D-1C3C-4B84-A840-2CCE29B6AB70}.Release|Any CPU.ActiveCfg = Release|Any CPU
		{A401284D-1C3C-4B84-A840-2CCE29B6AB70}.Release|Any CPU.Build.0 = Release|Any CPU
	EndGlobalSection
	GlobalSection(SolutionProperties) = preSolution
		HideSolutionNode = FALSE
	EndGlobalSection
	GlobalSection(ExtensibilityGlobals) = postSolution
		SolutionGuid = {0313F4CC-F43D-4EC0-AA43-57A598C73CFF}
	EndGlobalSection
EndGlobal
